
Microsoft Visual Studio Solution File, Format Version 12.00
Project("{FAE04EC0-301F-11D3-BF4B-00C04F79EFBC}") = "CardsDeck", "CardsDeck\CardsDeck.csproj", "{B40A92D5-7932-4B5B-BB1C-16E6B99F60FD}"
EndProject
Global
	GlobalSection(SolutionConfigurationPlatforms) = preSolution
		Debug|Any CPU = Debug|Any CPU
		Release|Any CPU = Release|Any CPU
	EndGlobalSection
	GlobalSection(ProjectConfigurationPlatforms) = postSolution
		{B40A92D5-7932-4B5B-BB1C-16E6B99F60FD}.Debug|Any CPU.ActiveCfg = Debug|Any CPU
		{B40A92D5-7932-4B5B-BB1C-16E6B99F60FD}.Debug|Any CPU.Build.0 = Debug|Any CPU
		{B40A92D5-7932-4B5B-BB1C-16E6B99F60FD}.Release|Any CPU.ActiveCfg = Release|Any CPU
		{B40A92D5-7932-4B5B-BB1C-16E6B99F60FD}.Release|Any CPU.Build.0 = Release|Any CPU
	EndGlobalSection
EndGlobal
